
Microsoft Visual Studio Solution File, Format Version 12.00
# Visual Studio Version 17
VisualStudioVersion = 17.8.34219.65
MinimumVisualStudioVersion = 10.0.40219.1
Project("{9A19103F-16F7-4668-BE54-9A1E7A4F7556}") = "ef6EssencialNetCore", "ef6EssencialNetCore\ef6EssencialNetCore.csproj", "{91BE25E3-D8B9-4600-95CF-35CC14B72977}"
EndProject
Global
	GlobalSection(SolutionConfigurationPlatforms) = preSolution
		Debug|Any CPU = Debug|Any CPU
		Release|Any CPU = Release|Any CPU
	EndGlobalSection
	GlobalSection(ProjectConfigurationPlatforms) = postSolution
		{91BE25E3-D8B9-4600-95CF-35CC14B72977}.Debug|Any CPU.ActiveCfg = Debug|Any CPU
		{91BE25E3-D8B9-4600-95CF-35CC14B72977}.Debug|Any CPU.Build.0 = Debug|Any CPU
		{91BE25E3-D8B9-4600-95CF-35CC14B72977}.Release|Any CPU.ActiveCfg = Release|Any CPU
		{91BE25E3-D8B9-4600-95CF-35CC14B72977}.Release|Any CPU.Build.0 = Release|Any CPU
	EndGlobalSection
	GlobalSection(SolutionProperties) = preSolution
		HideSolutionNode = FALSE
	EndGlobalSection
	GlobalSection(ExtensibilityGlobals) = postSolution
		SolutionGuid = {714F60F0-D1B2-4C80-AE36-3294CE4E373B}
	EndGlobalSection
EndGlobal
